
Microsoft Visual Studio Solution File, Format Version 12.00
# Visual Studio Version 16
VisualStudioVersion = 16.0.31702.278
MinimumVisualStudioVersion = 10.0.40219.1
Project("{FAE04EC0-301F-11D3-BF4B-00C04F79EFBC}") = "Lab3", "Lab3.csproj", "{23E39E65-82D4-4526-AB28-4D0DAF1876F7}"
EndProject
Global
	GlobalSection(SolutionConfigurationPlatforms) = preSolution
		Debug|Any CPU = Debug|Any CPU
		Release|Any CPU = Release|Any CPU
	EndGlobalSection
	GlobalSection(ProjectConfigurationPlatforms) = postSolution
		{23E39E65-82D4-4526-AB28-4D0DAF1876F7}.Debug|Any CPU.ActiveCfg = Debug|Any CPU
		{23E39E65-82D4-4526-AB28-4D0DAF1876F7}.Debug|Any CPU.Build.0 = Debug|Any CPU
		{23E39E65-82D4-4526-AB28-4D0DAF1876F7}.Release|Any CPU.ActiveCfg = Release|Any CPU
		{23E39E65-82D4-4526-AB28-4D0DAF1876F7}.Release|Any CPU.Build.0 = Release|Any CPU
	EndGlobalSection
	GlobalSection(SolutionProperties) = preSolution
		HideSolutionNode = FALSE
	EndGlobalSection
	GlobalSection(ExtensibilityGlobals) = postSolution
		SolutionGuid = {267EC740-A909-49E1-94F0-699591F59D34}
	EndGlobalSection
EndGlobal
